{
  "lockfileVersion": 1,
  "configVersion": 1,
  "workspaces": {
    "": {
      "name": "ridit-ai-sdk",
      "dependencies": {
        "@ai-sdk/anthropic": "^3.0.66",
        "@ai-sdk/google": "^3.0.57",
        "@ai-sdk/groq": "^3.0.33",
        "@ai-sdk/openai": "^3.0.50",
        "@openrouter/ai-sdk-provider": "^2.5.0",
        "@vscode/ripgrep": "^1.17.1",
        "ai": "^6.0.145",
        "ai-sdk-ollama": "^3.8.2",
        "diff": "^8.0.4",
        "glob": "^13.0.6",
        "lodash-es": "^4.18.1",
      },
      "peerDependencies": {
        "typescript": "^5",
      },
    },
  },
  "packages": {
    "@ai-sdk/anthropic": ["@ai-sdk/anthropic@3.0.72", "", { "dependencies": { "@ai-sdk/provider": "3.0.9", "@ai-sdk/provider-utils": "4.0.24" }, "peerDependencies": { "zod": "^3.25.76 || ^4.1.8" } }, "sha512-t0j9mggxylA9uP0hi12NlRk2npYh4QkE7JIpws2MdV/18QzHcsT6+TNGIjbOPayLQDjrmRKx78Ym7iZkg9qRxQ=="],

    "@ai-sdk/gateway": ["@ai-sdk/gateway@3.0.105", "", { "dependencies": { "@ai-sdk/provider": "3.0.9", "@ai-sdk/provider-utils": "4.0.24", "@vercel/oidc": "3.2.0" }, "peerDependencies": { "zod": "^3.25.76 || ^4.1.8" } }, "sha512-XpERadvLMHkYGJO4hz1Sw7Y9J705Iex48TmdZLdZdaPiFFtVgiA9qhXugLUWGAxdlXU/2N6ipoPSOwfnULZbXw=="],

    "@ai-sdk/google": ["@ai-sdk/google@3.0.65", "", { "dependencies": { "@ai-sdk/provider": "3.0.9", "@ai-sdk/provider-utils": "4.0.24" }, "peerDependencies": { "zod": "^3.25.76 || ^4.1.8" } }, "sha512-SwdaJ6IqguyiVuDRgiRM4sHj7uUO4AETlQFFLF3jcEvu/3yrgIHfw2aM6bBNKSdalw0j25Pedx6qyHc2DWJwrg=="],

    "@ai-sdk/groq": ["@ai-sdk/groq@3.0.36", "", { "dependencies": { "@ai-sdk/provider": "3.0.9", "@ai-sdk/provider-utils": "4.0.24" }, "peerDependencies": { "zod": "^3.25.76 || ^4.1.8" } }, "sha512-77onMo3RZg6wG9qZQuekqS18YDS1znRZNN6PuBOsSm/TjryttUq4VOhk1HXogc3QWoEaTYGFxjZgZGp3wTJuSg=="],

    "@ai-sdk/openai": ["@ai-sdk/openai@3.0.54", "", { "dependencies": { "@ai-sdk/provider": "3.0.9", "@ai-sdk/provider-utils": "4.0.24" }, "peerDependencies": { "zod": "^3.25.76 || ^4.1.8" } }, "sha512-j1qrNe/ebUKuE+fETzS+CVnczs11jQBR9y9M6aoKtJZAosg6SZnPC1Bb92e2u6yaSK+88TZoFhiY67uYphPitw=="],

    "@ai-sdk/provider": ["@ai-sdk/provider@3.0.9", "", { "dependencies": { "json-schema": "^0.4.0" } }, "sha512-/ngMKqKdL9dSlY/eQ3NFDzzFyw0Hix+cbFFlyuKEKcOgpHdBt/spKUvX/i0wGrDLFPYJeVvv3N0j92LxWRL7yQ=="],

    "@ai-sdk/provider-utils": ["@ai-sdk/provider-utils@4.0.24", "", { "dependencies": { "@ai-sdk/provider": "3.0.9", "@standard-schema/spec": "^1.1.0", "eventsource-parser": "^3.0.8" }, "peerDependencies": { "zod": "^3.25.76 || ^4.1.8" } }, "sha512-oXIw1oLmuBILuvHgSj6w5LOV8oSnFRouPSv0MGkG9sRMeukZ9JnMF17kldaRQaRq8lSJIxo6aS3NzWlVmSb+4Q=="],

    "@openrouter/ai-sdk-provider": ["@openrouter/ai-sdk-provider@2.9.0", "", { "peerDependencies": { "ai": "^6.0.0", "zod": "^3.25.0 || ^4.0.0" } }, "sha512-Seva+NCa0WUQnJIUE5GzHsUv1WTIeyqwz0ELl2VtS6NP+eF+77yCXGFVOMbvoCM7QMjlnhv7931e89R+8pJdcQ=="],

    "@opentelemetry/api": ["@opentelemetry/api@1.9.0", "", {}, "sha512-3giAOQvZiH5F9bMlMiv8+GSPMeqg0dbaeo58/0SlA9sxSqZhnUtxzX9/2FzyhS9sWQf5S0GJE0AKBrFqjpeYcg=="],

    "@standard-schema/spec": ["@standard-schema/spec@1.1.0", "", {}, "sha512-l2aFy5jALhniG5HgqrD6jXLi/rUWrKvqN/qJx6yoJsgKhblVd+iqqU4RCXavm/jPityDo5TCvKMnpjKnOriy0w=="],

    "@vercel/oidc": ["@vercel/oidc@3.2.0", "", {}, "sha512-UycprH3T6n3jH0k44NHMa7pnFHGu/N05MjojYr+Mc6I7obkoLIJujSWwin1pCvdy/eOxrI/l3uDLQsmcrOb4ug=="],

    "@vscode/ripgrep": ["@vscode/ripgrep@1.17.1", "", { "dependencies": { "https-proxy-agent": "^7.0.2", "proxy-from-env": "^1.1.0", "yauzl": "^2.9.2" } }, "sha512-xTs7DGyAO3IsJYOCTBP8LnTvPiYVKEuyv8s0xyJDBXfs8rhBfqnZPvb6xDT+RnwWzcXqW27xLS/aGrkjX7lNWw=="],

    "agent-base": ["agent-base@7.1.4", "", {}, "sha512-MnA+YT8fwfJPgBx3m60MNqakm30XOkyIoH1y6huTQvC0PwZG7ki8NacLBcrPbNoo8vEZy7Jpuk7+jMO+CUovTQ=="],

    "ai": ["ai@6.0.169", "", { "dependencies": { "@ai-sdk/gateway": "3.0.105", "@ai-sdk/provider": "3.0.9", "@ai-sdk/provider-utils": "4.0.24", "@opentelemetry/api": "1.9.0" }, "peerDependencies": { "zod": "^3.25.76 || ^4.1.8" } }, "sha512-eDAIc8bJJ3Ktk5qvBvWfAK7Uwj6zrOMI9VvQ6yLfF+7HdqnR0TSxgkLuIONrmowB2OujeAuVF9jalpNPJSN57g=="],

    "ai-sdk-ollama": ["ai-sdk-ollama@3.8.3", "", { "dependencies": { "@ai-sdk/provider": "^3.0.8", "@ai-sdk/provider-utils": "^4.0.23", "jsonrepair": "^3.13.3", "ollama": "^0.6.3" }, "peerDependencies": { "ai": "^6.0.154" } }, "sha512-KId/S++eb0CgTPFTtHzCGCrO73kXZLK+hyyZx5k8LVqU2XOEHYKVbIwDiQ+hm3okHjnsGehn4zR4QNm14SUM3Q=="],

    "balanced-match": ["balanced-match@4.0.4", "", {}, "sha512-BLrgEcRTwX2o6gGxGOCNyMvGSp35YofuYzw9h1IMTRmKqttAZZVU67bdb9Pr2vUHA8+j3i2tJfjO6C6+4myGTA=="],

    "brace-expansion": ["brace-expansion@5.0.5", "", { "dependencies": { "balanced-match": "^4.0.2" } }, "sha512-VZznLgtwhn+Mact9tfiwx64fA9erHH/MCXEUfB/0bX/6Fz6ny5EGTXYltMocqg4xFAQZtnO3DHWWXi8RiuN7cQ=="],

    "buffer-crc32": ["buffer-crc32@0.2.13", "", {}, "sha512-VO9Ht/+p3SN7SKWqcrgEzjGbRSJYTx+Q1pTQC0wrWqHx0vpJraQ6GtHx8tvcg1rlK1byhU5gccxgOgj7B0TDkQ=="],

    "debug": ["debug@4.4.3", "", { "dependencies": { "ms": "^2.1.3" } }, "sha512-RGwwWnwQvkVfavKVt22FGLw+xYSdzARwm0ru6DhTVA3umU5hZc28V3kO4stgYryrTlLpuvgI9GiijltAjNbcqA=="],

    "diff": ["diff@8.0.4", "", {}, "sha512-DPi0FmjiSU5EvQV0++GFDOJ9ASQUVFh5kD+OzOnYdi7n3Wpm9hWWGfB/O2blfHcMVTL5WkQXSnRiK9makhrcnw=="],

    "eventsource-parser": ["eventsource-parser@3.0.8", "", {}, "sha512-70QWGkr4snxr0OXLRWsFLeRBIRPuQOvt4s8QYjmUlmlkyTZkRqS7EDVRZtzU3TiyDbXSzaOeF0XUKy8PchzukQ=="],

    "fd-slicer": ["fd-slicer@1.1.0", "", { "dependencies": { "pend": "~1.2.0" } }, "sha512-cE1qsB/VwyQozZ+q1dGxR8LBYNZeofhEdUNGSMbQD3Gw2lAzX9Zb3uIU6Ebc/Fmyjo9AWWfnn0AUCHqtevs/8g=="],

    "glob": ["glob@13.0.6", "", { "dependencies": { "minimatch": "^10.2.2", "minipass": "^7.1.3", "path-scurry": "^2.0.2" } }, "sha512-Wjlyrolmm8uDpm/ogGyXZXb1Z+Ca2B8NbJwqBVg0axK9GbBeoS7yGV6vjXnYdGm6X53iehEuxxbyiKp8QmN4Vw=="],

    "https-proxy-agent": ["https-proxy-agent@7.0.6", "", { "dependencies": { "agent-base": "^7.1.2", "debug": "4" } }, "sha512-vK9P5/iUfdl95AI+JVyUuIcVtd4ofvtrOr3HNtM2yxC9bnMbEdp3x01OhQNnjb8IJYi38VlTE3mBXwcfvywuSw=="],

    "json-schema": ["json-schema@0.4.0", "", {}, "sha512-es94M3nTIfsEPisRafak+HDLfHXnKBhV3vU5eqPcS3flIWqcxJWgXHXiey3YrpaNsanY5ei1VoYEbOzijuq9BA=="],

    "jsonrepair": ["jsonrepair@3.14.0", "", { "bin": { "jsonrepair": "bin/cli.js" } }, "sha512-tWPGKMZf/8UPim+fcW2EfcQ/d/7aKUrP6IECz9G3Tu6Q5dX0orSleqJ9z6sSw7qrQkjF8/Edo4DvsWBZ8H+HNg=="],

    "lodash-es": ["lodash-es@4.18.1", "", {}, "sha512-J8xewKD/Gk22OZbhpOVSwcs60zhd95ESDwezOFuA3/099925PdHJ7OFHNTGtajL3AlZkykD32HykiMo+BIBI8A=="],

    "lru-cache": ["lru-cache@11.3.5", "", {}, "sha512-NxVFwLAnrd9i7KUBxC4DrUhmgjzOs+1Qm50D3oF1/oL+r1NpZ4gA7xvG0/zJ8evR7zIKn4vLf7qTNduWFtCrRw=="],

    "minimatch": ["minimatch@10.2.5", "", { "dependencies": { "brace-expansion": "^5.0.5" } }, "sha512-MULkVLfKGYDFYejP07QOurDLLQpcjk7Fw+7jXS2R2czRQzR56yHRveU5NDJEOviH+hETZKSkIk5c+T23GjFUMg=="],

    "minipass": ["minipass@7.1.3", "", {}, "sha512-tEBHqDnIoM/1rXME1zgka9g6Q2lcoCkxHLuc7ODJ5BxbP5d4c2Z5cGgtXAku59200Cx7diuHTOYfSBD8n6mm8A=="],

    "ms": ["ms@2.1.3", "", {}, "sha512-6FlzubTLZG3J2a/NVCAleEhjzq5oxgHyaCU9yYXvcLsvoVaHJq/s5xXI6/XXP6tz7R9xAOtHnSO/tXtF3WRTlA=="],

    "ollama": ["ollama@0.6.3", "", { "dependencies": { "whatwg-fetch": "^3.6.20" } }, "sha512-KEWEhIqE5wtfzEIZbDCLH51VFZ6Z3ZSa6sIOg/E/tBV8S51flyqBOXi+bRxlOYKDf8i327zG9eSTb8IJxvm3Zg=="],

    "path-scurry": ["path-scurry@2.0.2", "", { "dependencies": { "lru-cache": "^11.0.0", "minipass": "^7.1.2" } }, "sha512-3O/iVVsJAPsOnpwWIeD+d6z/7PmqApyQePUtCndjatj/9I5LylHvt5qluFaBT3I5h3r1ejfR056c+FCv+NnNXg=="],

    "pend": ["pend@1.2.0", "", {}, "sha512-F3asv42UuXchdzt+xXqfW1OGlVBe+mxa2mqI0pg5yAHZPvFmY3Y6drSf/GQ1A86WgWEN9Kzh/WrgKa6iGcHXLg=="],

    "proxy-from-env": ["proxy-from-env@1.1.0", "", {}, "sha512-D+zkORCbA9f1tdWRK0RaCR3GPv50cMxcrz4X8k5LTSUD1Dkw47mKJEZQNunItRTkWwgtaUSo1RVFRIG9ZXiFYg=="],

    "typescript": ["typescript@5.9.3", "", { "bin": { "tsc": "bin/tsc", "tsserver": "bin/tsserver" } }, "sha512-jl1vZzPDinLr9eUt3J/t7V6FgNEw9QjvBPdysz9KfQDD41fQrC2Y4vKQdiaUpFT4bXlb1RHhLpp8wtm6M5TgSw=="],

    "whatwg-fetch": ["whatwg-fetch@3.6.20", "", {}, "sha512-EqhiFU6daOA8kpjOWTL0olhVOF3i7OrFzSYiGsEMB8GcXS+RrzauAERX65xMeNWVqxA6HXH2m69Z9LaKKdisfg=="],

    "yauzl": ["yauzl@2.10.0", "", { "dependencies": { "buffer-crc32": "~0.2.3", "fd-slicer": "~1.1.0" } }, "sha512-p4a9I6X6nu6IhoGmBqAcbJy1mlC4j27vEPZX9F4L4/vZT3Lyq1VkFHw/V/PUcB9Buo+DG3iHkT0x3Qya58zc3g=="],

    "zod": ["zod@4.3.6", "", {}, "sha512-rftlrkhHZOcjDwkGlnUtZZkvaPHCsDATp4pGpuOOMDaTdDDXF91wuVDJoWoPsKX/3YPQ5fHuF3STjcYyKr+Qhg=="],
  }
}
